
Microsoft Visual Studio Solution File, Format Version 12.00
# Visual Studio Version 17
VisualStudioVersion = 17.10.35122.118
MinimumVisualStudioVersion = 10.0.40219.1
Project("{FAE04EC0-301F-11D3-BF4B-00C04F79EFBC}") = "FileToTelegramUploader", "FileToTelegramUploader\FileToTelegramUploader.csproj", "{304F3F0F-220C-4296-8A6D-BBE1B813007B}"
EndProject
Global
	GlobalSection(SolutionConfigurationPlatforms) = preSolution
		Debug|Any CPU = Debug|Any CPU
		Release|Any CPU = Release|Any CPU
	EndGlobalSection
	GlobalSection(ProjectConfigurationPlatforms) = postSolution
		{304F3F0F-220C-4296-8A6D-BBE1B813007B}.Debug|Any CPU.ActiveCfg = Debug|Any CPU
		{304F3F0F-220C-4296-8A6D-BBE1B813007B}.Debug|Any CPU.Build.0 = Debug|Any CPU
		{304F3F0F-220C-4296-8A6D-BBE1B813007B}.Release|Any CPU.ActiveCfg = Release|Any CPU
		{304F3F0F-220C-4296-8A6D-BBE1B813007B}.Release|Any CPU.Build.0 = Release|Any CPU
	EndGlobalSection
	GlobalSection(SolutionProperties) = preSolution
		HideSolutionNode = FALSE
	EndGlobalSection
	GlobalSection(ExtensibilityGlobals) = postSolution
		SolutionGuid = {B71200E5-6517-4D6E-B27B-4060160DA182}
	EndGlobalSection
EndGlobal
